
Microsoft Visual Studio Solution File, Format Version 12.00
# Visual Studio Version 17
VisualStudioVersion = 17.2.32516.85
MinimumVisualStudioVersion = 10.0.40219.1
Project("{FAE04EC0-301F-11D3-BF4B-00C04F79EFBC}") = "KavehNegarOtpSender", "KavehNegarOtpSender\KavehNegarOtpSender.csproj", "{B1476344-537C-4B8A-93A4-4D4E92E6DA6B}"
EndProject
Global
	GlobalSection(SolutionConfigurationPlatforms) = preSolution
		Debug|Any CPU = Debug|Any CPU
		Release|Any CPU = Release|Any CPU
	EndGlobalSection
	GlobalSection(ProjectConfigurationPlatforms) = postSolution
		{B1476344-537C-4B8A-93A4-4D4E92E6DA6B}.Debug|Any CPU.ActiveCfg = Debug|Any CPU
		{B1476344-537C-4B8A-93A4-4D4E92E6DA6B}.Debug|Any CPU.Build.0 = Debug|Any CPU
		{B1476344-537C-4B8A-93A4-4D4E92E6DA6B}.Release|Any CPU.ActiveCfg = Release|Any CPU
		{B1476344-537C-4B8A-93A4-4D4E92E6DA6B}.Release|Any CPU.Build.0 = Release|Any CPU
	EndGlobalSection
	GlobalSection(SolutionProperties) = preSolution
		HideSolutionNode = FALSE
	EndGlobalSection
	GlobalSection(ExtensibilityGlobals) = postSolution
		SolutionGuid = {B43F95C0-0DF4-4FF2-BA96-E821B08D30A3}
	EndGlobalSection
EndGlobal
